
Microsoft Visual Studio Solution File, Format Version 12.00
# Visual Studio Version 16
VisualStudioVersion = 16.0.31515.178
MinimumVisualStudioVersion = 10.0.40219.1
Project("{FAE04EC0-301F-11D3-BF4B-00C04F79EFBC}") = "XamarinRazorpay", "XamarinRazorpay\XamarinRazorpay.csproj", "{E5266EAF-FAAD-4832-936B-78F6F08240EA}"
EndProject
Project("{FAE04EC0-301F-11D3-BF4B-00C04F79EFBC}") = "XamarinRazorpay.Android", "XamarinRazorpay.Android\XamarinRazorpay.Android.csproj", "{6028FE8B-3490-45AA-97DC-14B17D6D7A8E}"
EndProject
Project("{FAE04EC0-301F-11D3-BF4B-00C04F79EFBC}") = "XamarinRazorpay.iOS", "XamarinRazorpay.iOS\XamarinRazorpay.iOS.csproj", "{5C573D9F-7781-4062-BB92-27495A6CA6AC}"
EndProject
Global
	GlobalSection(SolutionConfigurationPlatforms) = preSolution
		Ad-Hoc|Any CPU = Ad-Hoc|Any CPU
		Ad-Hoc|iPhone = Ad-Hoc|iPhone
		Ad-Hoc|iPhoneSimulator = Ad-Hoc|iPhoneSimulator
		AppStore|Any CPU = AppStore|Any CPU
		AppStore|iPhone = AppStore|iPhone
		AppStore|iPhoneSimulator = AppStore|iPhoneSimulator
		Debug|Any CPU = Debug|Any CPU
		Debug|iPhone = Debug|iPhone
		Debug|iPhoneSimulator = Debug|iPhoneSimulator
		Release|Any CPU = Release|Any CPU
		Release|iPhone = Release|iPhone
		Release|iPhoneSimulator = Release|iPhoneSimulator
	EndGlobalSection
	GlobalSection(ProjectConfigurationPlatforms) = postSolution
		{E5266EAF-FAAD-4832-936B-78F6F08240EA}.Ad-Hoc|Any CPU.ActiveCfg = Debug|Any CPU
		{E5266EAF-FAAD-4832-936B-78F6F08240EA}.Ad-Hoc|Any CPU.Build.0 = Debug|Any CPU
		{E5266EAF-FAAD-4832-936B-78F6F08240EA}.Ad-Hoc|iPhone.ActiveCfg = Debug|Any CPU
		{E5266EAF-FAAD-4832-936B-78F6F08240EA}.Ad-Hoc|iPhone.Build.0 = Debug|Any CPU
		{E5266EAF-FAAD-4832-936B-78F6F08240EA}.Ad-Hoc|iPhoneSimulator.ActiveCfg = Debug|Any CPU
		{E5266EAF-FAAD-4832-936B-78F6F08240EA}.Ad-Hoc|iPhoneSimulator.Build.0 = Debug|Any CPU
		{E5266EAF-FAAD-4832-936B-78F6F08240EA}.AppStore|Any CPU.ActiveCfg = Debug|Any CPU
		{E5266EAF-FAAD-4832-936B-78F6F08240EA}.AppStore|Any CPU.Build.0 = Debug|Any CPU
		{E5266EAF-FAAD-4832-936B-78F6F08240EA}.AppStore|iPhone.ActiveCfg = Debug|Any CPU
		{E5266EAF-FAAD-4832-936B-78F6F08240EA}.AppStore|iPhone.Build.0 = Debug|Any CPU
		{E5266EAF-FAAD-4832-936B-78F6F08240EA}.AppStore|iPhoneSimulator.ActiveCfg = Debug|Any CPU
		{E5266EAF-FAAD-4832-936B-78F6F08240EA}.AppStore|iPhoneSimulator.Build.0 = Debug|Any CPU
		{E5266EAF-FAAD-4832-936B-78F6F08240EA}.Debug|Any CPU.ActiveCfg = Debug|Any CPU
		{E5266EAF-FAAD-4832-936B-78F6F08240EA}.Debug|Any CPU.Build.0 = Debug|Any CPU
		{E5266EAF-FAAD-4832-936B-78F6F08240EA}.Debug|iPhone.ActiveCfg = Debug|Any CPU
		{E5266EAF-FAAD-4832-936B-78F6F08240EA}.Debug|iPhone.Build.0 = Debug|Any CPU
		{E5266EAF-FAAD-4832-936B-78F6F08240EA}.Debug|iPhoneSimulator.ActiveCfg = Debug|Any CPU
		{E5266EAF-FAAD-4832-936B-78F6F08240EA}.Debug|iPhoneSimulator.Build.0 = Debug|Any CPU
		{E5266EAF-FAAD-4832-936B-78F6F08240EA}.Release|Any CPU.ActiveCfg = Release|Any CPU
		{E5266EAF-FAAD-4832-936B-78F6F08240EA}.Release|Any CPU.Build.0 = Release|Any CPU
		{E5266EAF-FAAD-4832-936B-78F6F08240EA}.Release|iPhone.ActiveCfg = Release|Any CPU
		{E5266EAF-FAAD-4832-936B-78F6F08240EA}.Release|iPhone.Build.0 = Release|Any CPU
		{E5266EAF-FAAD-4832-936B-78F6F08240EA}.Release|iPhoneSimulator.ActiveCfg = Release|Any CPU
		{E5266EAF-FAAD-4832-936B-78F6F08240EA}.Release|iPhoneSimulator.Build.0 = Release|Any CPU
		{6028FE8B-3490-45AA-97DC-14B17D6D7A8E}.Ad-Hoc|Any CPU.ActiveCfg = Debug|Any CPU
		{6028FE8B-3490-45AA-97DC-14B17D6D7A8E}.Ad-Hoc|Any CPU.Build.0 = Debug|Any CPU
		{6028FE8B-3490-45AA-97DC-14B17D6D7A8E}.Ad-Hoc|Any CPU.Deploy.0 = Debug|Any CPU
		{6028FE8B-3490-45AA-97DC-14B17D6D7A8E}.Ad-Hoc|iPhone.ActiveCfg = Debug|Any CPU
		{6028FE8B-3490-45AA-97DC-14B17D6D7A8E}.Ad-Hoc|iPhone.Build.0 = Debug|Any CPU
		{6028FE8B-3490-45AA-97DC-14B17D6D7A8E}.Ad-Hoc|iPhone.Deploy.0 = Debug|Any CPU
		{6028FE8B-3490-45AA-97DC-14B17D6D7A8E}.Ad-Hoc|iPhoneSimulator.ActiveCfg = Debug|Any CPU
		{6028FE8B-3490-45AA-97DC-14B17D6D7A8E}.Ad-Hoc|iPhoneSimulator.Build.0 = Debug|Any CPU
		{6028FE8B-3490-45AA-97DC-14B17D6D7A8E}.Ad-Hoc|iPhoneSimulator.Deploy.0 = Debug|Any CPU
		{6028FE8B-3490-45AA-97DC-14B17D6D7A8E}.AppStore|Any CPU.ActiveCfg = Debug|Any CPU
		{6028FE8B-3490-45AA-97DC-14B17D6D7A8E}.AppStore|Any CPU.Build.0 = Debug|Any CPU
		{6028FE8B-3490-45AA-97DC-14B17D6D7A8E}.AppStore|Any CPU.Deploy.0 = Debug|Any CPU
		{6028FE8B-3490-45AA-97DC-14B17D6D7A8E}.AppStore|iPhone.ActiveCfg = Debug|Any CPU
		{6028FE8B-3490-45AA-97DC-14B17D6D7A8E}.AppStore|iPhone.Build.0 = Debug|Any CPU
		{6028FE8B-3490-45AA-97DC-14B17D6D7A8E}.AppStore|iPhone.Deploy.0 = Debug|Any CPU
		{6028FE8B-3490-45AA-97DC-14B17D6D7A8E}.AppStore|iPhoneSimulator.ActiveCfg = Debug|Any CPU
		{6028FE8B-3490-45AA-97DC-14B17D6D7A8E}.AppStore|iPhoneSimulator.Build.0 = Debug|Any CPU
		{6028FE8B-3490-45AA-97DC-14B17D6D7A8E}.AppStore|iPhoneSimulator.Deploy.0 = Debug|Any CPU
		{6028FE8B-3490-45AA-97DC-14B17D6D7A8E}.Debug|Any CPU.ActiveCfg = Debug|Any CPU
		{6028FE8B-3490-45AA-97DC-14B17D6D7A8E}.Debug|Any CPU.Build.0 = Debug|Any CPU
		{6028FE8B-3490-45AA-97DC-14B17D6D7A8E}.Debug|Any CPU.Deploy.0 = Debug|Any CPU
		{6028FE8B-3490-45AA-97DC-14B17D6D7A8E}.Debug|iPhone.ActiveCfg = Debug|Any CPU
		{6028FE8B-3490-45AA-97DC-14B17D6D7A8E}.Debug|iPhone.Build.0 = Debug|Any CPU
		{6028FE8B-3490-45AA-97DC-14B17D6D7A8E}.Debug|iPhone.Deploy.0 = Debug|Any CPU
		{6028FE8B-3490-45AA-97DC-14B17D6D7A8E}.Debug|iPhoneSimulator.ActiveCfg = Debug|Any CPU
		{6028FE8B-3490-45AA-97DC-14B17D6D7A8E}.Debug|iPhoneSimulator.Build.0 = Debug|Any CPU
		{6028FE8B-3490-45AA-97DC-14B17D6D7A8E}.Debug|iPhoneSimulator.Deploy.0 = Debug|Any CPU
		{6028FE8B-3490-45AA-97DC-14B17D6D7A8E}.Release|Any CPU.ActiveCfg = Release|Any CPU
		{6028FE8B-3490-45AA-97DC-14B17D6D7A8E}.Release|Any CPU.Build.0 = Release|Any CPU
		{6028FE8B-3490-45AA-97DC-14B17D6D7A8E}.Release|Any CPU.Deploy.0 = Release|Any CPU
		{6028FE8B-3490-45AA-97DC-14B17D6D7A8E}.Release|iPhone.ActiveCfg = Release|Any CPU
		{6028FE8B-3490-45AA-97DC-14B17D6D7A8E}.Release|iPhone.Build.0 = Release|Any CPU
		{6028FE8B-3490-45AA-97DC-14B17D6D7A8E}.Release|iPhone.Deploy.0 = Release|Any CPU
		{6028FE8B-3490-45AA-97DC-14B17D6D7A8E}.Release|iPhoneSimulator.ActiveCfg = Release|Any CPU
		{6028FE8B-3490-45AA-97DC-14B17D6D7A8E}.Release|iPhoneSimulator.Build.0 = Release|Any CPU
		{6028FE8B-3490-45AA-97DC-14B17D6D7A8E}.Release|iPhoneSimulator.Deploy.0 = Release|Any CPU
		{5C573D9F-7781-4062-BB92-27495A6CA6AC}.Ad-Hoc|Any CPU.ActiveCfg = Ad-Hoc|iPhoneSimulator
		{5C573D9F-7781-4062-BB92-27495A6CA6AC}.Ad-Hoc|iPhone.ActiveCfg = Ad-Hoc|iPhone
		{5C573D9F-7781-4062-BB92-27495A6CA6AC}.Ad-Hoc|iPhone.Build.0 = Ad-Hoc|iPhone
		{5C573D9F-7781-4062-BB92-27495A6CA6AC}.Ad-Hoc|iPhoneSimulator.ActiveCfg = Ad-Hoc|iPhoneSimulator
		{5C573D9F-7781-4062-BB92-27495A6CA6AC}.Ad-Hoc|iPhoneSimulator.Build.0 = Ad-Hoc|iPhoneSimulator
		{5C573D9F-7781-4062-BB92-27495A6CA6AC}.AppStore|Any CPU.ActiveCfg = AppStore|iPhoneSimulator
		{5C573D9F-7781-4062-BB92-27495A6CA6AC}.AppStore|iPhone.ActiveCfg = AppStore|iPhone
		{5C573D9F-7781-4062-BB92-27495A6CA6AC}.AppStore|iPhone.Build.0 = AppStore|iPhone
		{5C573D9F-7781-4062-BB92-27495A6CA6AC}.AppStore|iPhoneSimulator.ActiveCfg = AppStore|iPhoneSimulator
		{5C573D9F-7781-4062-BB92-27495A6CA6AC}.AppStore|iPhoneSimulator.Build.0 = AppStore|iPhoneSimulator
		{5C573D9F-7781-4062-BB92-27495A6CA6AC}.Debug|Any CPU.ActiveCfg = Debug|iPhoneSimulator
		{5C573D9F-7781-4062-BB92-27495A6CA6AC}.Debug|iPhone.ActiveCfg = Debug|iPhone
		{5C573D9F-7781-4062-BB92-27495A6CA6AC}.Debug|iPhone.Build.0 = Debug|iPhone
		{5C573D9F-7781-4062-BB92-27495A6CA6AC}.Debug|iPhoneSimulator.ActiveCfg = Debug|iPhoneSimulator
		{5C573D9F-7781-4062-BB92-27495A6CA6AC}.Debug|iPhoneSimulator.Build.0 = Debug|iPhoneSimulator
		{5C573D9F-7781-4062-BB92-27495A6CA6AC}.Release|Any CPU.ActiveCfg = Release|iPhoneSimulator
		{5C573D9F-7781-4062-BB92-27495A6CA6AC}.Release|iPhone.ActiveCfg = Release|iPhone
		{5C573D9F-7781-4062-BB92-27495A6CA6AC}.Release|iPhone.Build.0 = Release|iPhone
		{5C573D9F-7781-4062-BB92-27495A6CA6AC}.Release|iPhoneSimulator.ActiveCfg = Release|iPhoneSimulator
		{5C573D9F-7781-4062-BB92-27495A6CA6AC}.Release|iPhoneSimulator.Build.0 = Release|iPhoneSimulator
	EndGlobalSection
	GlobalSection(SolutionProperties) = preSolution
		HideSolutionNode = FALSE
	EndGlobalSection
	GlobalSection(ExtensibilityGlobals) = postSolution
		SolutionGuid = {80BA0403-9009-4588-A5B3-29DF85DF8E1E}
	EndGlobalSection
EndGlobal
